// !$*UTF8*$!
{
	archiveVersion = 1;
	classes = {
	};
	objectVersion = 48;
	objects = {

/* Begin PBXBuildFile section */
		864DF66020496E6B009BDDC0 /* AppDelegate.swift in Sources */ = {isa = PBXBuildFile; fileRef = 864DF65F20496E6B009BDDC0 /* AppDelegate.swift */; };
		864DF66220496E6B009BDDC0 /* ViewController.swift in Sources */ = {isa = PBXBuildFile; fileRef = 864DF66120496E6B009BDDC0 /* ViewController.swift */; };
		864DF66520496E6B009BDDC0 /* Main.storyboard in Resources */ = {isa = PBXBuildFile; fileRef = 864DF66320496E6B009BDDC0 /* Main.storyboard */; };
		864DF66720496E6B009BDDC0 /* Assets.xcassets in Resources */ = {isa = PBXBuildFile; fileRef = 864DF66620496E6B009BDDC0 /* Assets.xcassets */; };
		864DF66A20496E6B009BDDC0 /* LaunchScreen.storyboard in Resources */ = {isa = PBXBuildFile; fileRef = 864DF66820496E6B009BDDC0 /* LaunchScreen.storyboard */; };
		864DF67520496E6B009BDDC0 /* CatOwnersTests.swift in Sources */ = {isa = PBXBuildFile; fileRef = 864DF67420496E6B009BDDC0 /* CatOwnersTests.swift */; };
/* End PBXBuildFile section */

/* Begin PBXContainerItemProxy section */
		864DF67120496E6B009BDDC0 /* PBXContainerItemProxy */ = {
			isa = PBXContainerItemProxy;
			containerPortal = 864DF65420496E6B009BDDC0 /* Project object */;
			proxyType = 1;
			remoteGlobalIDString = 864DF65B20496E6B009BDDC0;
			remoteInfo = CatOwners;
		};
/* End PBXContainerItemProxy section */

/* Begin PBXFileReference section */
		864DF65C20496E6B009BDDC0 /* CatOwners.app */ = {isa = PBXFileReference; explicitFileType = wrapper.application; includeInIndex = 0; path = CatOwners.app; sourceTree = BUILT_PRODUCTS_DIR; };
		864DF65F20496E6B009BDDC0 /* AppDelegate.swift */ = {isa = PBXFileReference; lastKnownFileType = sourcecode.swift; path = AppDelegate.swift; sourceTree = "<group>"; };
		864DF66120496E6B009BDDC0 /* ViewController.swift */ = {isa = PBXFileReference; lastKnownFileType = sourcecode.swift; path = ViewController.swift; sourceTree = "<group>"; };
		864DF66420496E6B009BDDC0 /* Base */ = {isa = PBXFileReference; lastKnownFileType = file.storyboard; name = Base; path = Base.lproj/Main.storyboard; sourceTree = "<group>"; };
		864DF66620496E6B009BDDC0 /* Assets.xcassets */ = {isa = PBXFileReference; lastKnownFileType = folder.assetcatalog; path = Assets.xcassets; sourceTree = "<group>"; };
		864DF66920496E6B009BDDC0 /* Base */ = {isa = PBXFileReference; lastKnownFileType = file.storyboard; name = Base; path = Base.lproj/LaunchScreen.storyboard; sourceTree = "<group>"; };
		864DF66B20496E6B009BDDC0 /* Info.plist */ = {isa = PBXFileReference; lastKnownFileType = text.plist.xml; path = Info.plist; sourceTree = "<group>"; };
		864DF67020496E6B009BDDC0 /* CatOwnersTests.xctest */ = {isa = PBXFileReference; explicitFileType = wrapper.cfbundle; includeInIndex = 0; path = CatOwnersTests.xctest; sourceTree = BUILT_PRODUCTS_DIR; };
		864DF67420496E6B009BDDC0 /* CatOwnersTests.swift */ = {isa = PBXFileReference; lastKnownFileType = sourcecode.swift; path = CatOwnersTests.swift; sourceTree = "<group>"; };
		864DF67620496E6B009BDDC0 /* Info.plist */ = {isa = PBXFileReference; lastKnownFileType = text.plist.xml; path = Info.plist; sourceTree = "<group>"; };
/* End PBXFileReference section */

/* Begin PBXFrameworksBuildPhase section */
		864DF65920496E6B009BDDC0 /* Frameworks */ = {
			isa = PBXFrameworksBuildPhase;
			buildActionMask = 2147483647;
			files = (
			);
			runOnlyForDeploymentPostprocessing = 0;
		};
		864DF66D20496E6B009BDDC0 /* Frameworks */ = {
			isa = PBXFrameworksBuildPhase;
			buildActionMask = 2147483647;
			files = (
			);
			runOnlyForDeploymentPostprocessing = 0;
		};
/* End PBXFrameworksBuildPhase section */

/* Begin PBXGroup section */
		864DF65320496E6B009BDDC0 = {
			isa = PBXGroup;
			children = (
				864DF65E20496E6B009BDDC0 /* CatOwners */,
				864DF67320496E6B009BDDC0 /* CatOwnersTests */,
				864DF65D20496E6B009BDDC0 /* Products */,
			);
			sourceTree = "<group>";
		};
		864DF65D20496E6B009BDDC0 /* Products */ = {
			isa = PBXGroup;
			children = (
				864DF65C20496E6B009BDDC0 /* CatOwners.app */,
				864DF67020496E6B009BDDC0 /* CatOwnersTests.xctest */,
			);
			name = Products;
			sourceTree = "<group>";
		};
		864DF65E20496E6B009BDDC0 /* CatOwners */ = {
			isa = PBXGroup;
			children = (
				864DF65F20496E6B009BDDC0 /* AppDelegate.swift */,
				864DF66120496E6B009BDDC0 /* ViewController.swift */,
				864DF66320496E6B009BDDC0 /* Main.storyboard */,
				864DF66620496E6B009BDDC0 /* Assets.xcassets */,
				864DF66820496E6B009BDDC0 /* LaunchScreen.storyboard */,
				864DF66B20496E6B009BDDC0 /* Info.plist */,
			);
			path = CatOwners;
			sourceTree = "<group>";
		};
		864DF67320496E6B009BDDC0 /* CatOwnersTests */ = {
			isa = PBXGroup;
			children = (
				864DF67420496E6B009BDDC0 /* CatOwnersTests.swift */,
				864DF67620496E6B009BDDC0 /* Info.plist */,
			);
			path = CatOwnersTests;
			sourceTree = "<group>";
		};
/* End PBXGroup section */

/* Begin PBXNativeTarget section */
		864DF65B20496E6B009BDDC0 /* CatOwners */ = {
			isa = PBXNativeTarget;
			buildConfigurationList = 864DF67920496E6B009BDDC0 /* Build configuration list for PBXNativeTarget "CatOwners" */;
			buildPhases = (
				864DF65820496E6B009BDDC0 /* Sources */,
				864DF65920496E6B009BDDC0 /* Frameworks */,
				864DF65A20496E6B009BDDC0 /* Resources */,
			);
			buildRules = (
			);
			dependencies = (
			);
			name = CatOwners;
			productName = CatOwners;
			productReference = 864DF65C20496E6B009BDDC0 /* CatOwners.app */;
			productType = "com.apple.product-type.application";
		};
		864DF66F20496E6B009BDDC0 /* CatOwnersTests */ = {
			isa = PBXNativeTarget;
			buildConfigurationList = 864DF67C20496E6B009BDDC0 /* Build configuration list for PBXNativeTarget "CatOwnersTests" */;
			buildPhases = (
				864DF66C20496E6B009BDDC0 /* Sources */,
				864DF66D20496E6B009BDDC0 /* Frameworks */,
				864DF66E20496E6B009BDDC0 /* Resources */,
			);
			buildRules = (
			);
			dependencies = (
				864DF67220496E6B009BDDC0 /* PBXTargetDependency */,
			);
			name = CatOwnersTests;
			productName = CatOwnersTests;
			productReference = 864DF67020496E6B009BDDC0 /* CatOwnersTests.xctest */;
			productType = "com.apple.product-type.bundle.unit-test";
		};
/* End PBXNativeTarget section */

/* Begin PBXProject section */
		864DF65420496E6B009BDDC0 /* Project object */ = {
			isa = PBXProject;
			attributes = {
				LastSwiftUpdateCheck = 0920;
				LastUpgradeCheck = 0920;
				ORGANIZATIONNAME = "Rex Jason Alobba";
				TargetAttributes = {
					864DF65B20496E6B009BDDC0 = {
						CreatedOnToolsVersion = 9.2;
						ProvisioningStyle = Automatic;
					};
					864DF66F20496E6B009BDDC0 = {
						CreatedOnToolsVersion = 9.2;
						ProvisioningStyle = Automatic;
						TestTargetID = 864DF65B20496E6B009BDDC0;
					};
				};
			};
			buildConfigurationList = 864DF65720496E6B009BDDC0 /* Build configuration list for PBXProject "CatOwners" */;
			compatibilityVersion = "Xcode 8.0";
			developmentRegion = en;
			hasScannedForEncodings = 0;
			knownRegions = (
				en,
				Base,
			);
			mainGroup = 864DF65320496E6B009BDDC0;
			productRefGroup = 864DF65D20496E6B009BDDC0 /* Products */;
			projectDirPath = "";
			projectRoot = "";
			targets = (
				864DF65B20496E6B009BDDC0 /* CatOwners */,
				864DF66F20496E6B009BDDC0 /* CatOwnersTests */,
			);
		};
/* End PBXProject section */

/* Begin PBXResourcesBuildPhase section */
		864DF65A20496E6B009BDDC0 /* Resources */ = {
			isa = PBXResourcesBuildPhase;
			buildActionMask = 2147483647;
			files = (
				864DF66A20496E6B009BDDC0 /* LaunchScreen.storyboard in Resources */,
				864DF66720496E6B009BDDC0 /* Assets.xcassets in Resources */,
				864DF66520496E6B009BDDC0 /* Main.storyboard in Resources */,
			);
			runOnlyForDeploymentPostprocessing = 0;
		};
		864DF66E20496E6B009BDDC0 /* Resources */ = {
			isa = PBXResourcesBuildPhase;
			buildActionMask = 2147483647;
			files = (
			);
			runOnlyForDeploymentPostprocessing = 0;
		};
/* End PBXResourcesBuildPhase section */

/* Begin PBXSourcesBuildPhase section */
		864DF65820496E6B009BDDC0 /* Sources */ = {
			isa = PBXSourcesBuildPhase;
			buildActionMask = 2147483647;
			files = (
				864DF66220496E6B009BDDC0 /* ViewController.swift in Sources */,
				864DF66020496E6B009BDDC0 /* AppDelegate.swift in Sources */,
			);
			runOnlyForDeploymentPostprocessing = 0;
		};
		864DF66C20496E6B009BDDC0 /* Sources */ = {
			isa = PBXSourcesBuildPhase;
			buildActionMask = 2147483647;
			files = (
				864DF67520496E6B009BDDC0 /* CatOwnersTests.swift in Sources */,
			);
			runOnlyForDeploymentPostprocessing = 0;
		};
/* End PBXSourcesBuildPhase section */

/* Begin PBXTargetDependency section */
		864DF67220496E6B009BDDC0 /* PBXTargetDependency */ = {
			isa = PBXTargetDependency;
			target = 864DF65B20496E6B009BDDC0 /* CatOwners */;
			targetProxy = 864DF67120496E6B009BDDC0 /* PBXContainerItemProxy */;
		};
/* End PBXTargetDependency section */

/* Begin PBXVariantGroup section */
		864DF66320496E6B009BDDC0 /* Main.storyboard */ = {
			isa = PBXVariantGroup;
			children = (
				864DF66420496E6B009BDDC0 /* Base */,
			);
			name = Main.storyboard;
			sourceTree = "<group>";
		};
		864DF66820496E6B009BDDC0 /* LaunchScreen.storyboard */ = {
			isa = PBXVariantGroup;
			children = (
				864DF66920496E6B009BDDC0 /* Base */,
			);
			name = LaunchScreen.storyboard;
			sourceTree = "<group>";
		};
/* End PBXVariantGroup section */

/* Begin XCBuildConfiguration section */
		864DF67720496E6B009BDDC0 /* Debug */ = {
			isa = XCBuildConfiguration;
			buildSettings = {
				ALWAYS_SEARCH_USER_PATHS = NO;
				CLANG_ANALYZER_NONNULL = YES;
				CLANG_ANALYZER_NUMBER_OBJECT_CONVERSION = YES_AGGRESSIVE;
				CLANG_CXX_LANGUAGE_STANDARD = "gnu++14";
				CLANG_CXX_LIBRARY = "libc++";
				CLANG_ENABLE_MODULES = YES;
				CLANG_ENABLE_OBJC_ARC = YES;
				CLANG_WARN_BLOCK_CAPTURE_AUTORELEASING = YES;
				CLANG_WARN_BOOL_CONVERSION = YES;
				CLANG_WARN_COMMA = YES;
				CLANG_WARN_CONSTANT_CONVERSION = YES;
				CLANG_WARN_DIRECT_OBJC_ISA_USAGE = YES_ERROR;
				CLANG_WARN_DOCUMENTATION_COMMENTS = YES;
				CLANG_WARN_EMPTY_BODY = YES;
				CLANG_WARN_ENUM_CONVERSION = YES;
				CLANG_WARN_INFINITE_RECURSION = YES;
				CLANG_WARN_INT_CONVERSION = YES;
				CLANG_WARN_NON_LITERAL_NULL_CONVERSION = YES;
				CLANG_WARN_OBJC_LITERAL_CONVERSION = YES;
				CLANG_WARN_OBJC_ROOT_CLASS = YES_ERROR;
				CLANG_WARN_RANGE_LOOP_ANALYSIS = YES;
				CLANG_WARN_STRICT_PROTOTYPES = YES;
				CLANG_WARN_SUSPICIOUS_MOVE = YES;
				CLANG_WARN_UNGUARDED_AVAILABILITY = YES_AGGRESSIVE;
				CLANG_WARN_UNREACHABLE_CODE = YES;
				CLANG_WARN__DUPLICATE_METHOD_MATCH = YES;
				CODE_SIGN_IDENTITY = "iPhone Developer";
				COPY_PHASE_STRIP = NO;
				DEBUG_INFORMATION_FORMAT = dwarf;
				ENABLE_STRICT_OBJC_MSGSEND = YES;
				ENABLE_TESTABILITY = YES;
				GCC_C_LANGUAGE_STANDARD = gnu11;
				GCC_DYNAMIC_NO_PIC = NO;
				GCC_NO_COMMON_BLOCKS = YES;
				GCC_OPTIMIZATION_LEVEL = 0;
				GCC_PREPROCESSOR_DEFINITIONS = (
					"DEBUG=1",
					"$(inherited)",
				);
				GCC_WARN_64_TO_32_BIT_CONVERSION = YES;
				GCC_WARN_ABOUT_RETURN_TYPE = YES_ERROR;
				GCC_WARN_UNDECLARED_SELECTOR = YES;
				GCC_WARN_UNINITIALIZED_AUTOS = YES_AGGRESSIVE;
				GCC_WARN_UNUSED_FUNCTION = YES;
				GCC_WARN_UNUSED_VARIABLE = YES;
				IPHONEOS_DEPLOYMENT_TARGET = 11.2;
				MTL_ENABLE_DEBUG_INFO = YES;
				ONLY_ACTIVE_ARCH = YES;
				SDKROOT = iphoneos;
				SWIFT_ACTIVE_COMPILATION_CONDITIONS = DEBUG;
				SWIFT_OPTIMIZATION_LEVEL = "-Onone";
			};
			name = Debug;
		};
		864DF67820496E6B009BDDC0 /* Release */ = {
			isa = XCBuildConfiguration;
			buildSettings = {
				ALWAYS_SEARCH_USER_PATHS = NO;
				CLANG_ANALYZER_NONNULL = YES;
				CLANG_ANALYZER_NUMBER_OBJECT_CONVERSION = YES_AGGRESSIVE;
				CLANG_CXX_LANGUAGE_STANDARD = "gnu++14";
				CLANG_CXX_LIBRARY = "libc++";
				CLANG_ENABLE_MODULES = YES;
				CLANG_ENABLE_OBJC_ARC = YES;
				CLANG_WARN_BLOCK_CAPTURE_AUTORELEASING = YES;
				CLANG_WARN_BOOL_CONVERSION = YES;
				CLANG_WARN_COMMA = YES;
				CLANG_WARN_CONSTANT_CONVERSION = YES;
				CLANG_WARN_DIRECT_OBJC_ISA_USAGE = YES_ERROR;
				CLANG_WARN_DOCUMENTATION_COMMENTS = YES;
				CLANG_WARN_EMPTY_BODY = YES;
				CLANG_WARN_ENUM_CONVERSION = YES;
				CLANG_WARN_INFINITE_RECURSION = YES;
				CLANG_WARN_INT_CONVERSION = YES;
				CLANG_WARN_NON_LITERAL_NULL_CONVERSION = YES;
				CLANG_WARN_OBJC_LITERAL_CONVERSION = YES;
				CLANG_WARN_OBJC_ROOT_CLASS = YES_ERROR;
				CLANG_WARN_RANGE_LOOP_ANALYSIS = YES;
				CLANG_WARN_STRICT_PROTOTYPES = YES;
				CLANG_WARN_SUSPICIOUS_MOVE = YES;
				CLANG_WARN_UNGUARDED_AVAILABILITY = YES_AGGRESSIVE;
				CLANG_WARN_UNREACHABLE_CODE = YES;
				CLANG_WARN__DUPLICATE_METHOD_MATCH = YES;
				CODE_SIGN_IDENTITY = "iPhone Developer";
				COPY_PHASE_STRIP = NO;
				DEBUG_INFORMATION_FORMAT = "dwarf-with-dsym";
				ENABLE_NS_ASSERTIONS = NO;
				ENABLE_STRICT_OBJC_MSGSEND = YES;
				GCC_C_LANGUAGE_STANDARD = gnu11;
				GCC_NO_COMMON_BLOCKS = YES;
				GCC_WARN_64_TO_32_BIT_CONVERSION = YES;
				GCC_WARN_ABOUT_RETURN_TYPE = YES_ERROR;
				GCC_WARN_UNDECLARED_SELECTOR = YES;
				GCC_WARN_UNINITIALIZED_AUTOS = YES_AGGRESSIVE;
				GCC_WARN_UNUSED_FUNCTION = YES;
				GCC_WARN_UNUSED_VARIABLE = YES;
				IPHONEOS_DEPLOYMENT_TARGET = 11.2;
				MTL_ENABLE_DEBUG_INFO = NO;
				SDKROOT = iphoneos;
				SWIFT_OPTIMIZATION_LEVEL = "-Owholemodule";
				VALIDATE_PRODUCT = YES;
			};
			name = Release;
		};
		864DF67A20496E6B009BDDC0 /* Debug */ = {
			isa = XCBuildConfiguration;
			buildSettings = {
				ASSETCATALOG_COMPILER_APPICON_NAME = AppIcon;
				CODE_SIGN_STYLE = Automatic;
				DEVELOPMENT_TEAM = 98NZEPCGG6;
				INFOPLIST_FILE = CatOwners/Info.plist;
				LD_RUNPATH_SEARCH_PATHS = "$(inherited) @executable_path/Frameworks";
				PRODUCT_BUNDLE_IDENTIFIER = com.myspaceless.CatOwners;
				PRODUCT_NAME = "$(TARGET_NAME)";
				SWIFT_VERSION = 4.0;
				TARGETED_DEVICE_FAMILY = "1,2";
			};
			name = Debug;
		};
		864DF67B20496E6B009BDDC0 /* Release */ = {
			isa = XCBuildConfiguration;
			buildSettings = {
				ASSETCATALOG_COMPILER_APPICON_NAME = AppIcon;
				CODE_SIGN_STYLE = Automatic;
				DEVELOPMENT_TEAM = 98NZEPCGG6;
				INFOPLIST_FILE = CatOwners/Info.plist;
				LD_RUNPATH_SEARCH_PATHS = "$(inherited) @executable_path/Frameworks";
				PRODUCT_BUNDLE_IDENTIFIER = com.myspaceless.CatOwners;
				PRODUCT_NAME = "$(TARGET_NAME)";
				SWIFT_VERSION = 4.0;
				TARGETED_DEVICE_FAMILY = "1,2";
			};
			name = Release;
		};
		864DF67D20496E6B009BDDC0 /* Debug */ = {
			isa = XCBuildConfiguration;
			buildSettings = {
				ALWAYS_EMBED_SWIFT_STANDARD_LIBRARIES = YES;
				BUNDLE_LOADER = "$(TEST_HOST)";
				CODE_SIGN_STYLE = Automatic;
				DEVELOPMENT_TEAM = 98NZEPCGG6;
				INFOPLIST_FILE = CatOwnersTests/Info.plist;
				LD_RUNPATH_SEARCH_PATHS = "$(inherited) @executable_path/Frameworks @loader_path/Frameworks";
				PRODUCT_BUNDLE_IDENTIFIER = com.myspaceless.CatOwnersTests;
				PRODUCT_NAME = "$(TARGET_NAME)";
				SWIFT_VERSION = 4.0;
				TARGETED_DEVICE_FAMILY = "1,2";
				TEST_HOST = "$(BUILT_PRODUCTS_DIR)/CatOwners.app/CatOwners";
			};
			name = Debug;
		};
		864DF67E20496E6B009BDDC0 /* Release */ = {
			isa = XCBuildConfiguration;
			buildSettings = {
				ALWAYS_EMBED_SWIFT_STANDARD_LIBRARIES = YES;
				BUNDLE_LOADER = "$(TEST_HOST)";
				CODE_SIGN_STYLE = Automatic;
				DEVELOPMENT_TEAM = 98NZEPCGG6;
				INFOPLIST_FILE = CatOwnersTests/Info.plist;
				LD_RUNPATH_SEARCH_PATHS = "$(inherited) @executable_path/Frameworks @loader_path/Frameworks";
				PRODUCT_BUNDLE_IDENTIFIER = com.myspaceless.CatOwnersTests;
				PRODUCT_NAME = "$(TARGET_NAME)";
				SWIFT_VERSION = 4.0;
				TARGETED_DEVICE_FAMILY = "1,2";
				TEST_HOST = "$(BUILT_PRODUCTS_DIR)/CatOwners.app/CatOwners";
			};
			name = Release;
		};
/* End XCBuildConfiguration section */

/* Begin XCConfigurationList section */
		864DF65720496E6B009BDDC0 /* Build configuration list for PBXProject "CatOwners" */ = {
			isa = XCConfigurationList;
			buildConfigurations = (
				864DF67720496E6B009BDDC0 /* Debug */,
				864DF67820496E6B009BDDC0 /* Release */,
			);
			defaultConfigurationIsVisible = 0;
			defaultConfigurationName = Release;
		};
		864DF67920496E6B009BDDC0 /* Build configuration list for PBXNativeTarget "CatOwners" */ = {
			isa = XCConfigurationList;
			buildConfigurations = (
				864DF67A20496E6B009BDDC0 /* Debug */,
				864DF67B20496E6B009BDDC0 /* Release */,
			);
			defaultConfigurationIsVisible = 0;
			defaultConfigurationName = Release;
		};
		864DF67C20496E6B009BDDC0 /* Build configuration list for PBXNativeTarget "CatOwnersTests" */ = {
			isa = XCConfigurationList;
			buildConfigurations = (
				864DF67D20496E6B009BDDC0 /* Debug */,
				864DF67E20496E6B009BDDC0 /* Release */,
			);
			defaultConfigurationIsVisible = 0;
			defaultConfigurationName = Release;
		};
/* End XCConfigurationList section */
	};
	rootObject = 864DF65420496E6B009BDDC0 /* Project object */;
}
